
Microsoft Visual Studio Solution File, Format Version 12.00
# Visual Studio Version 16
VisualStudioVersion = 25.0.1706.6
MinimumVisualStudioVersion = 10.0.40219.1
Project("{FAE04EC0-301F-11D3-BF4B-00C04F79EFBC}") = "DataAccess", "DataAccess.csproj", "{46D554DE-BE12-4E74-BE04-CE057D4FC002}"
EndProject
Global
	GlobalSection(SolutionConfigurationPlatforms) = preSolution
		Debug|Any CPU = Debug|Any CPU
		Release|Any CPU = Release|Any CPU
	EndGlobalSection
	GlobalSection(ProjectConfigurationPlatforms) = postSolution
		{46D554DE-BE12-4E74-BE04-CE057D4FC002}.Debug|Any CPU.ActiveCfg = Debug|Any CPU
		{46D554DE-BE12-4E74-BE04-CE057D4FC002}.Debug|Any CPU.Build.0 = Debug|Any CPU
		{46D554DE-BE12-4E74-BE04-CE057D4FC002}.Release|Any CPU.ActiveCfg = Release|Any CPU
		{46D554DE-BE12-4E74-BE04-CE057D4FC002}.Release|Any CPU.Build.0 = Release|Any CPU
	EndGlobalSection
	GlobalSection(SolutionProperties) = preSolution
		HideSolutionNode = FALSE
	EndGlobalSection
	GlobalSection(ExtensibilityGlobals) = postSolution
		SolutionGuid = {A7A4ACD6-E7B8-46BC-91D0-FF6E1ACF4F38}
	EndGlobalSection
EndGlobal
